// !$*UTF8*$!
{
	archiveVersion = 1;
	classes = {
	};
	objectVersion = 56;
	objects = {

/* Begin PBXBuildFile section */
		AA133FF12BFA60DF00AC1061 /* AddTransactionView.swift in Sources */ = {isa = PBXBuildFile; fileRef = AA133FF02BFA60DF00AC1061 /* AddTransactionView.swift */; };
		AA2911192BFA036D00D2ADD1 /* _testApp.swift in Sources */ = {isa = PBXBuildFile; fileRef = AA2911182BFA036D00D2ADD1 /* _testApp.swift */; };
		AA29111B2BFA036D00D2ADD1 /* ContentView.swift in Sources */ = {isa = PBXBuildFile; fileRef = AA29111A2BFA036D00D2ADD1 /* ContentView.swift */; };
		AA29111D2BFA036F00D2ADD1 /* Assets.xcassets in Resources */ = {isa = PBXBuildFile; fileRef = AA29111C2BFA036F00D2ADD1 /* Assets.xcassets */; };
		AA2911212BFA036F00D2ADD1 /* Preview Assets.xcassets in Resources */ = {isa = PBXBuildFile; fileRef = AA2911202BFA036F00D2ADD1 /* Preview Assets.xcassets */; };
		AA29112B2BFA036F00D2ADD1 /* _testTests.swift in Sources */ = {isa = PBXBuildFile; fileRef = AA29112A2BFA036F00D2ADD1 /* _testTests.swift */; };
		AA2911352BFA036F00D2ADD1 /* _testUITests.swift in Sources */ = {isa = PBXBuildFile; fileRef = AA2911342BFA036F00D2ADD1 /* _testUITests.swift */; };
		AA2911372BFA036F00D2ADD1 /* _testUITestsLaunchTests.swift in Sources */ = {isa = PBXBuildFile; fileRef = AA2911362BFA036F00D2ADD1 /* _testUITestsLaunchTests.swift */; };
		AA2911442BFA047800D2ADD1 /* Crypto.swift in Sources */ = {isa = PBXBuildFile; fileRef = AA2911432BFA047800D2ADD1 /* Crypto.swift */; };
		AA2911462BFA04C100D2ADD1 /* AddCryptoView.swift in Sources */ = {isa = PBXBuildFile; fileRef = AA2911452BFA04C100D2ADD1 /* AddCryptoView.swift */; };
		AA2911482BFA04EE00D2ADD1 /* CryptoService.swift in Sources */ = {isa = PBXBuildFile; fileRef = AA2911472BFA04EE00D2ADD1 /* CryptoService.swift */; };
		AA29114A2BFA0DE700D2ADD1 /* SettingsView.swift in Sources */ = {isa = PBXBuildFile; fileRef = AA2911492BFA0DE700D2ADD1 /* SettingsView.swift */; };
		AA29114C2BFA0F6500D2ADD1 /* Transaction.swift in Sources */ = {isa = PBXBuildFile; fileRef = AA29114B2BFA0F6500D2ADD1 /* Transaction.swift */; };
		AA29114E2BFA0F8B00D2ADD1 /* CryptoDetailView.swift in Sources */ = {isa = PBXBuildFile; fileRef = AA29114D2BFA0F8B00D2ADD1 /* CryptoDetailView.swift */; };
		AA2911502BFA118800D2ADD1 /* EditTransactionView.swift in Sources */ = {isa = PBXBuildFile; fileRef = AA29114F2BFA118800D2ADD1 /* EditTransactionView.swift */; };
/* End PBXBuildFile section */

/* Begin PBXContainerItemProxy section */
		AA2911272BFA036F00D2ADD1 /* PBXContainerItemProxy */ = {
			isa = PBXContainerItemProxy;
			containerPortal = AA29110D2BFA036D00D2ADD1 /* Project object */;
			proxyType = 1;
			remoteGlobalIDString = AA2911142BFA036D00D2ADD1;
			remoteInfo = 2test;
		};
		AA2911312BFA036F00D2ADD1 /* PBXContainerItemProxy */ = {
			isa = PBXContainerItemProxy;
			containerPortal = AA29110D2BFA036D00D2ADD1 /* Project object */;
			proxyType = 1;
			remoteGlobalIDString = AA2911142BFA036D00D2ADD1;
			remoteInfo = 2test;
		};
/* End PBXContainerItemProxy section */

/* Begin PBXFileReference section */
		AA133FF02BFA60DF00AC1061 /* AddTransactionView.swift */ = {isa = PBXFileReference; lastKnownFileType = sourcecode.swift; path = AddTransactionView.swift; sourceTree = "<group>"; };
		AA2911152BFA036D00D2ADD1 /* 2test.app */ = {isa = PBXFileReference; explicitFileType = wrapper.application; includeInIndex = 0; path = 2test.app; sourceTree = BUILT_PRODUCTS_DIR; };
		AA2911182BFA036D00D2ADD1 /* _testApp.swift */ = {isa = PBXFileReference; lastKnownFileType = sourcecode.swift; path = _testApp.swift; sourceTree = "<group>"; };
		AA29111A2BFA036D00D2ADD1 /* ContentView.swift */ = {isa = PBXFileReference; lastKnownFileType = sourcecode.swift; path = ContentView.swift; sourceTree = "<group>"; };
		AA29111C2BFA036F00D2ADD1 /* Assets.xcassets */ = {isa = PBXFileReference; lastKnownFileType = folder.assetcatalog; path = Assets.xcassets; sourceTree = "<group>"; };
		AA29111E2BFA036F00D2ADD1 /* _test.entitlements */ = {isa = PBXFileReference; lastKnownFileType = text.plist.entitlements; path = _test.entitlements; sourceTree = "<group>"; };
		AA2911202BFA036F00D2ADD1 /* Preview Assets.xcassets */ = {isa = PBXFileReference; lastKnownFileType = folder.assetcatalog; path = "Preview Assets.xcassets"; sourceTree = "<group>"; };
		AA2911262BFA036F00D2ADD1 /* 2testTests.xctest */ = {isa = PBXFileReference; explicitFileType = wrapper.cfbundle; includeInIndex = 0; path = 2testTests.xctest; sourceTree = BUILT_PRODUCTS_DIR; };
		AA29112A2BFA036F00D2ADD1 /* _testTests.swift */ = {isa = PBXFileReference; lastKnownFileType = sourcecode.swift; path = _testTests.swift; sourceTree = "<group>"; };
		AA2911302BFA036F00D2ADD1 /* 2testUITests.xctest */ = {isa = PBXFileReference; explicitFileType = wrapper.cfbundle; includeInIndex = 0; path = 2testUITests.xctest; sourceTree = BUILT_PRODUCTS_DIR; };
		AA2911342BFA036F00D2ADD1 /* _testUITests.swift */ = {isa = PBXFileReference; lastKnownFileType = sourcecode.swift; path = _testUITests.swift; sourceTree = "<group>"; };
		AA2911362BFA036F00D2ADD1 /* _testUITestsLaunchTests.swift */ = {isa = PBXFileReference; lastKnownFileType = sourcecode.swift; path = _testUITestsLaunchTests.swift; sourceTree = "<group>"; };
		AA2911432BFA047800D2ADD1 /* Crypto.swift */ = {isa = PBXFileReference; lastKnownFileType = sourcecode.swift; path = Crypto.swift; sourceTree = "<group>"; };
		AA2911452BFA04C100D2ADD1 /* AddCryptoView.swift */ = {isa = PBXFileReference; lastKnownFileType = sourcecode.swift; path = AddCryptoView.swift; sourceTree = "<group>"; };
		AA2911472BFA04EE00D2ADD1 /* CryptoService.swift */ = {isa = PBXFileReference; lastKnownFileType = sourcecode.swift; path = CryptoService.swift; sourceTree = "<group>"; };
		AA2911492BFA0DE700D2ADD1 /* SettingsView.swift */ = {isa = PBXFileReference; lastKnownFileType = sourcecode.swift; path = SettingsView.swift; sourceTree = "<group>"; };
		AA29114B2BFA0F6500D2ADD1 /* Transaction.swift */ = {isa = PBXFileReference; lastKnownFileType = sourcecode.swift; path = Transaction.swift; sourceTree = "<group>"; };
		AA29114D2BFA0F8B00D2ADD1 /* CryptoDetailView.swift */ = {isa = PBXFileReference; lastKnownFileType = sourcecode.swift; path = CryptoDetailView.swift; sourceTree = "<group>"; };
		AA29114F2BFA118800D2ADD1 /* EditTransactionView.swift */ = {isa = PBXFileReference; lastKnownFileType = sourcecode.swift; path = EditTransactionView.swift; sourceTree = "<group>"; };
/* End PBXFileReference section */

/* Begin PBXFrameworksBuildPhase section */
		AA2911122BFA036D00D2ADD1 /* Frameworks */ = {
			isa = PBXFrameworksBuildPhase;
			buildActionMask = 2147483647;
			files = (
			);
			runOnlyForDeploymentPostprocessing = 0;
		};
		AA2911232BFA036F00D2ADD1 /* Frameworks */ = {
			isa = PBXFrameworksBuildPhase;
			buildActionMask = 2147483647;
			files = (
			);
			runOnlyForDeploymentPostprocessing = 0;
		};
		AA29112D2BFA036F00D2ADD1 /* Frameworks */ = {
			isa = PBXFrameworksBuildPhase;
			buildActionMask = 2147483647;
			files = (
			);
			runOnlyForDeploymentPostprocessing = 0;
		};
/* End PBXFrameworksBuildPhase section */

/* Begin PBXGroup section */
		AA29110C2BFA036D00D2ADD1 = {
			isa = PBXGroup;
			children = (
				AA2911172BFA036D00D2ADD1 /* 2test */,
				AA2911292BFA036F00D2ADD1 /* 2testTests */,
				AA2911332BFA036F00D2ADD1 /* 2testUITests */,
				AA2911162BFA036D00D2ADD1 /* Products */,
			);
			sourceTree = "<group>";
		};
		AA2911162BFA036D00D2ADD1 /* Products */ = {
			isa = PBXGroup;
			children = (
				AA2911152BFA036D00D2ADD1 /* 2test.app */,
				AA2911262BFA036F00D2ADD1 /* 2testTests.xctest */,
				AA2911302BFA036F00D2ADD1 /* 2testUITests.xctest */,
			);
			name = Products;
			sourceTree = "<group>";
		};
		AA2911172BFA036D00D2ADD1 /* 2test */ = {
			isa = PBXGroup;
			children = (
				AA2911182BFA036D00D2ADD1 /* _testApp.swift */,
				AA29111A2BFA036D00D2ADD1 /* ContentView.swift */,
				AA29111C2BFA036F00D2ADD1 /* Assets.xcassets */,
				AA29111E2BFA036F00D2ADD1 /* _test.entitlements */,
				AA29111F2BFA036F00D2ADD1 /* Preview Content */,
				AA2911432BFA047800D2ADD1 /* Crypto.swift */,
				AA2911452BFA04C100D2ADD1 /* AddCryptoView.swift */,
				AA2911472BFA04EE00D2ADD1 /* CryptoService.swift */,
				AA2911492BFA0DE700D2ADD1 /* SettingsView.swift */,
				AA29114B2BFA0F6500D2ADD1 /* Transaction.swift */,
				AA29114D2BFA0F8B00D2ADD1 /* CryptoDetailView.swift */,
				AA29114F2BFA118800D2ADD1 /* EditTransactionView.swift */,
				AA133FF02BFA60DF00AC1061 /* AddTransactionView.swift */,
			);
			path = 2test;
			sourceTree = "<group>";
		};
		AA29111F2BFA036F00D2ADD1 /* Preview Content */ = {
			isa = PBXGroup;
			children = (
				AA2911202BFA036F00D2ADD1 /* Preview Assets.xcassets */,
			);
			path = "Preview Content";
			sourceTree = "<group>";
		};
		AA2911292BFA036F00D2ADD1 /* 2testTests */ = {
			isa = PBXGroup;
			children = (
				AA29112A2BFA036F00D2ADD1 /* _testTests.swift */,
			);
			path = 2testTests;
			sourceTree = "<group>";
		};
		AA2911332BFA036F00D2ADD1 /* 2testUITests */ = {
			isa = PBXGroup;
			children = (
				AA2911342BFA036F00D2ADD1 /* _testUITests.swift */,
				AA2911362BFA036F00D2ADD1 /* _testUITestsLaunchTests.swift */,
			);
			path = 2testUITests;
			sourceTree = "<group>";
		};
/* End PBXGroup section */

/* Begin PBXNativeTarget section */
		AA2911142BFA036D00D2ADD1 /* 2test */ = {
			isa = PBXNativeTarget;
			buildConfigurationList = AA29113A2BFA036F00D2ADD1 /* Build configuration list for PBXNativeTarget "2test" */;
			buildPhases = (
				AA2911112BFA036D00D2ADD1 /* Sources */,
				AA2911122BFA036D00D2ADD1 /* Frameworks */,
				AA2911132BFA036D00D2ADD1 /* Resources */,
			);
			buildRules = (
			);
			dependencies = (
			);
			name = 2test;
			productName = 2test;
			productReference = AA2911152BFA036D00D2ADD1 /* 2test.app */;
			productType = "com.apple.product-type.application";
		};
		AA2911252BFA036F00D2ADD1 /* 2testTests */ = {
			isa = PBXNativeTarget;
			buildConfigurationList = AA29113D2BFA036F00D2ADD1 /* Build configuration list for PBXNativeTarget "2testTests" */;
			buildPhases = (
				AA2911222BFA036F00D2ADD1 /* Sources */,
				AA2911232BFA036F00D2ADD1 /* Frameworks */,
				AA2911242BFA036F00D2ADD1 /* Resources */,
			);
			buildRules = (
			);
			dependencies = (
				AA2911282BFA036F00D2ADD1 /* PBXTargetDependency */,
			);
			name = 2testTests;
			productName = 2testTests;
			productReference = AA2911262BFA036F00D2ADD1 /* 2testTests.xctest */;
			productType = "com.apple.product-type.bundle.unit-test";
		};
		AA29112F2BFA036F00D2ADD1 /* 2testUITests */ = {
			isa = PBXNativeTarget;
			buildConfigurationList = AA2911402BFA036F00D2ADD1 /* Build configuration list for PBXNativeTarget "2testUITests" */;
			buildPhases = (
				AA29112C2BFA036F00D2ADD1 /* Sources */,
				AA29112D2BFA036F00D2ADD1 /* Frameworks */,
				AA29112E2BFA036F00D2ADD1 /* Resources */,
			);
			buildRules = (
			);
			dependencies = (
				AA2911322BFA036F00D2ADD1 /* PBXTargetDependency */,
			);
			name = 2testUITests;
			productName = 2testUITests;
			productReference = AA2911302BFA036F00D2ADD1 /* 2testUITests.xctest */;
			productType = "com.apple.product-type.bundle.ui-testing";
		};
/* End PBXNativeTarget section */

/* Begin PBXProject section */
		AA29110D2BFA036D00D2ADD1 /* Project object */ = {
			isa = PBXProject;
			attributes = {
				BuildIndependentTargetsInParallel = 1;
				LastSwiftUpdateCheck = 1540;
				LastUpgradeCheck = 1540;
				TargetAttributes = {
					AA2911142BFA036D00D2ADD1 = {
						CreatedOnToolsVersion = 15.4;
					};
					AA2911252BFA036F00D2ADD1 = {
						CreatedOnToolsVersion = 15.4;
						TestTargetID = AA2911142BFA036D00D2ADD1;
					};
					AA29112F2BFA036F00D2ADD1 = {
						CreatedOnToolsVersion = 15.4;
						TestTargetID = AA2911142BFA036D00D2ADD1;
					};
				};
			};
			buildConfigurationList = AA2911102BFA036D00D2ADD1 /* Build configuration list for PBXProject "2test" */;
			compatibilityVersion = "Xcode 14.0";
			developmentRegion = en;
			hasScannedForEncodings = 0;
			knownRegions = (
				en,
				Base,
			);
			mainGroup = AA29110C2BFA036D00D2ADD1;
			productRefGroup = AA2911162BFA036D00D2ADD1 /* Products */;
			projectDirPath = "";
			projectRoot = "";
			targets = (
				AA2911142BFA036D00D2ADD1 /* 2test */,
				AA2911252BFA036F00D2ADD1 /* 2testTests */,
				AA29112F2BFA036F00D2ADD1 /* 2testUITests */,
			);
		};
/* End PBXProject section */

/* Begin PBXResourcesBuildPhase section */
		AA2911132BFA036D00D2ADD1 /* Resources */ = {
			isa = PBXResourcesBuildPhase;
			buildActionMask = 2147483647;
			files = (
				AA2911212BFA036F00D2ADD1 /* Preview Assets.xcassets in Resources */,
				AA29111D2BFA036F00D2ADD1 /* Assets.xcassets in Resources */,
			);
			runOnlyForDeploymentPostprocessing = 0;
		};
		AA2911242BFA036F00D2ADD1 /* Resources */ = {
			isa = PBXResourcesBuildPhase;
			buildActionMask = 2147483647;
			files = (
			);
			runOnlyForDeploymentPostprocessing = 0;
		};
		AA29112E2BFA036F00D2ADD1 /* Resources */ = {
			isa = PBXResourcesBuildPhase;
			buildActionMask = 2147483647;
			files = (
			);
			runOnlyForDeploymentPostprocessing = 0;
		};
/* End PBXResourcesBuildPhase section */

/* Begin PBXSourcesBuildPhase section */
		AA2911112BFA036D00D2ADD1 /* Sources */ = {
			isa = PBXSourcesBuildPhase;
			buildActionMask = 2147483647;
			files = (
				AA29114E2BFA0F8B00D2ADD1 /* CryptoDetailView.swift in Sources */,
				AA29114C2BFA0F6500D2ADD1 /* Transaction.swift in Sources */,
				AA2911442BFA047800D2ADD1 /* Crypto.swift in Sources */,
				AA29111B2BFA036D00D2ADD1 /* ContentView.swift in Sources */,
				AA2911192BFA036D00D2ADD1 /* _testApp.swift in Sources */,
				AA29114A2BFA0DE700D2ADD1 /* SettingsView.swift in Sources */,
				AA2911482BFA04EE00D2ADD1 /* CryptoService.swift in Sources */,
				AA2911462BFA04C100D2ADD1 /* AddCryptoView.swift in Sources */,
				AA2911502BFA118800D2ADD1 /* EditTransactionView.swift in Sources */,
				AA133FF12BFA60DF00AC1061 /* AddTransactionView.swift in Sources */,
			);
			runOnlyForDeploymentPostprocessing = 0;
		};
		AA2911222BFA036F00D2ADD1 /* Sources */ = {
			isa = PBXSourcesBuildPhase;
			buildActionMask = 2147483647;
			files = (
				AA29112B2BFA036F00D2ADD1 /* _testTests.swift in Sources */,
			);
			runOnlyForDeploymentPostprocessing = 0;
		};
		AA29112C2BFA036F00D2ADD1 /* Sources */ = {
			isa = PBXSourcesBuildPhase;
			buildActionMask = 2147483647;
			files = (
				AA2911372BFA036F00D2ADD1 /* _testUITestsLaunchTests.swift in Sources */,
				AA2911352BFA036F00D2ADD1 /* _testUITests.swift in Sources */,
			);
			runOnlyForDeploymentPostprocessing = 0;
		};
/* End PBXSourcesBuildPhase section */

/* Begin PBXTargetDependency section */
		AA2911282BFA036F00D2ADD1 /* PBXTargetDependency */ = {
			isa = PBXTargetDependency;
			target = AA2911142BFA036D00D2ADD1 /* 2test */;
			targetProxy = AA2911272BFA036F00D2ADD1 /* PBXContainerItemProxy */;
		};
		AA2911322BFA036F00D2ADD1 /* PBXTargetDependency */ = {
			isa = PBXTargetDependency;
			target = AA2911142BFA036D00D2ADD1 /* 2test */;
			targetProxy = AA2911312BFA036F00D2ADD1 /* PBXContainerItemProxy */;
		};
/* End PBXTargetDependency section */

/* Begin XCBuildConfiguration section */
		AA2911382BFA036F00D2ADD1 /* Debug */ = {
			isa = XCBuildConfiguration;
			buildSettings = {
				ALWAYS_SEARCH_USER_PATHS = NO;
				ASSETCATALOG_COMPILER_GENERATE_SWIFT_ASSET_SYMBOL_EXTENSIONS = YES;
				CLANG_ANALYZER_NONNULL = YES;
				CLANG_ANALYZER_NUMBER_OBJECT_CONVERSION = YES_AGGRESSIVE;
				CLANG_CXX_LANGUAGE_STANDARD = "gnu++20";
				CLANG_ENABLE_MODULES = YES;
				CLANG_ENABLE_OBJC_ARC = YES;
				CLANG_ENABLE_OBJC_WEAK = YES;
				CLANG_WARN_BLOCK_CAPTURE_AUTORELEASING = YES;
				CLANG_WARN_BOOL_CONVERSION = YES;
				CLANG_WARN_COMMA = YES;
				CLANG_WARN_CONSTANT_CONVERSION = YES;
				CLANG_WARN_DEPRECATED_OBJC_IMPLEMENTATIONS = YES;
				CLANG_WARN_DIRECT_OBJC_ISA_USAGE = YES_ERROR;
				CLANG_WARN_DOCUMENTATION_COMMENTS = YES;
				CLANG_WARN_EMPTY_BODY = YES;
				CLANG_WARN_ENUM_CONVERSION = YES;
				CLANG_WARN_INFINITE_RECURSION = YES;
				CLANG_WARN_INT_CONVERSION = YES;
				CLANG_WARN_NON_LITERAL_NULL_CONVERSION = YES;
				CLANG_WARN_OBJC_IMPLICIT_RETAIN_SELF = YES;
				CLANG_WARN_OBJC_LITERAL_CONVERSION = YES;
				CLANG_WARN_OBJC_ROOT_CLASS = YES_ERROR;
				CLANG_WARN_QUOTED_INCLUDE_IN_FRAMEWORK_HEADER = YES;
				CLANG_WARN_RANGE_LOOP_ANALYSIS = YES;
				CLANG_WARN_STRICT_PROTOTYPES = YES;
				CLANG_WARN_SUSPICIOUS_MOVE = YES;
				CLANG_WARN_UNGUARDED_AVAILABILITY = YES_AGGRESSIVE;
				CLANG_WARN_UNREACHABLE_CODE = YES;
				CLANG_WARN__DUPLICATE_METHOD_MATCH = YES;
				COPY_PHASE_STRIP = NO;
				DEBUG_INFORMATION_FORMAT = dwarf;
				ENABLE_STRICT_OBJC_MSGSEND = YES;
				ENABLE_TESTABILITY = YES;
				ENABLE_USER_SCRIPT_SANDBOXING = YES;
				GCC_C_LANGUAGE_STANDARD = gnu17;
				GCC_DYNAMIC_NO_PIC = NO;
				GCC_NO_COMMON_BLOCKS = YES;
				GCC_OPTIMIZATION_LEVEL = 0;
				GCC_PREPROCESSOR_DEFINITIONS = (
					"DEBUG=1",
					"$(inherited)",
				);
				GCC_WARN_64_TO_32_BIT_CONVERSION = YES;
				GCC_WARN_ABOUT_RETURN_TYPE = YES_ERROR;
				GCC_WARN_UNDECLARED_SELECTOR = YES;
				GCC_WARN_UNINITIALIZED_AUTOS = YES_AGGRESSIVE;
				GCC_WARN_UNUSED_FUNCTION = YES;
				GCC_WARN_UNUSED_VARIABLE = YES;
				LOCALIZATION_PREFERS_STRING_CATALOGS = YES;
				MTL_ENABLE_DEBUG_INFO = INCLUDE_SOURCE;
				MTL_FAST_MATH = YES;
				ONLY_ACTIVE_ARCH = YES;
				SWIFT_ACTIVE_COMPILATION_CONDITIONS = "DEBUG $(inherited)";
				SWIFT_OPTIMIZATION_LEVEL = "-Onone";
			};
			name = Debug;
		};
		AA2911392BFA036F00D2ADD1 /* Release */ = {
			isa = XCBuildConfiguration;
			buildSettings = {
				ALWAYS_SEARCH_USER_PATHS = NO;
				ASSETCATALOG_COMPILER_GENERATE_SWIFT_ASSET_SYMBOL_EXTENSIONS = YES;
				CLANG_ANALYZER_NONNULL = YES;
				CLANG_ANALYZER_NUMBER_OBJECT_CONVERSION = YES_AGGRESSIVE;
				CLANG_CXX_LANGUAGE_STANDARD = "gnu++20";
				CLANG_ENABLE_MODULES = YES;
				CLANG_ENABLE_OBJC_ARC = YES;
				CLANG_ENABLE_OBJC_WEAK = YES;
				CLANG_WARN_BLOCK_CAPTURE_AUTORELEASING = YES;
				CLANG_WARN_BOOL_CONVERSION = YES;
				CLANG_WARN_COMMA = YES;
				CLANG_WARN_CONSTANT_CONVERSION = YES;
				CLANG_WARN_DEPRECATED_OBJC_IMPLEMENTATIONS = YES;
				CLANG_WARN_DIRECT_OBJC_ISA_USAGE = YES_ERROR;
				CLANG_WARN_DOCUMENTATION_COMMENTS = YES;
				CLANG_WARN_EMPTY_BODY = YES;
				CLANG_WARN_ENUM_CONVERSION = YES;
				CLANG_WARN_INFINITE_RECURSION = YES;
				CLANG_WARN_INT_CONVERSION = YES;
				CLANG_WARN_NON_LITERAL_NULL_CONVERSION = YES;
				CLANG_WARN_OBJC_IMPLICIT_RETAIN_SELF = YES;
				CLANG_WARN_OBJC_LITERAL_CONVERSION = YES;
				CLANG_WARN_OBJC_ROOT_CLASS = YES_ERROR;
				CLANG_WARN_QUOTED_INCLUDE_IN_FRAMEWORK_HEADER = YES;
				CLANG_WARN_RANGE_LOOP_ANALYSIS = YES;
				CLANG_WARN_STRICT_PROTOTYPES = YES;
				CLANG_WARN_SUSPICIOUS_MOVE = YES;
				CLANG_WARN_UNGUARDED_AVAILABILITY = YES_AGGRESSIVE;
				CLANG_WARN_UNREACHABLE_CODE = YES;
				CLANG_WARN__DUPLICATE_METHOD_MATCH = YES;
				COPY_PHASE_STRIP = NO;
				DEBUG_INFORMATION_FORMAT = "dwarf-with-dsym";
				ENABLE_NS_ASSERTIONS = NO;
				ENABLE_STRICT_OBJC_MSGSEND = YES;
				ENABLE_USER_SCRIPT_SANDBOXING = YES;
				GCC_C_LANGUAGE_STANDARD = gnu17;
				GCC_NO_COMMON_BLOCKS = YES;
				GCC_WARN_64_TO_32_BIT_CONVERSION = YES;
				GCC_WARN_ABOUT_RETURN_TYPE = YES_ERROR;
				GCC_WARN_UNDECLARED_SELECTOR = YES;
				GCC_WARN_UNINITIALIZED_AUTOS = YES_AGGRESSIVE;
				GCC_WARN_UNUSED_FUNCTION = YES;
				GCC_WARN_UNUSED_VARIABLE = YES;
				LOCALIZATION_PREFERS_STRING_CATALOGS = YES;
				MTL_ENABLE_DEBUG_INFO = NO;
				MTL_FAST_MATH = YES;
				SWIFT_COMPILATION_MODE = wholemodule;
			};
			name = Release;
		};
		AA29113B2BFA036F00D2ADD1 /* Debug */ = {
			isa = XCBuildConfiguration;
			buildSettings = {
				ASSETCATALOG_COMPILER_APPICON_NAME = AppIcon;
				ASSETCATALOG_COMPILER_GLOBAL_ACCENT_COLOR_NAME = AccentColor;
				CODE_SIGN_ENTITLEMENTS = 2test/_test.entitlements;
				CODE_SIGN_STYLE = Automatic;
				CURRENT_PROJECT_VERSION = 1;
				DEVELOPMENT_ASSET_PATHS = "\"2test/Preview Content\"";
				DEVELOPMENT_TEAM = 74584D6P85;
				ENABLE_HARDENED_RUNTIME = YES;
				ENABLE_PREVIEWS = YES;
				GENERATE_INFOPLIST_FILE = YES;
				"INFOPLIST_KEY_UIApplicationSceneManifest_Generation[sdk=iphoneos*]" = YES;
				"INFOPLIST_KEY_UIApplicationSceneManifest_Generation[sdk=iphonesimulator*]" = YES;
				"INFOPLIST_KEY_UIApplicationSupportsIndirectInputEvents[sdk=iphoneos*]" = YES;
				"INFOPLIST_KEY_UIApplicationSupportsIndirectInputEvents[sdk=iphonesimulator*]" = YES;
				"INFOPLIST_KEY_UILaunchScreen_Generation[sdk=iphoneos*]" = YES;
				"INFOPLIST_KEY_UILaunchScreen_Generation[sdk=iphonesimulator*]" = YES;
				"INFOPLIST_KEY_UIStatusBarStyle[sdk=iphoneos*]" = UIStatusBarStyleDefault;
				"INFOPLIST_KEY_UIStatusBarStyle[sdk=iphonesimulator*]" = UIStatusBarStyleDefault;
				INFOPLIST_KEY_UISupportedInterfaceOrientations_iPad = "UIInterfaceOrientationPortrait UIInterfaceOrientationPortraitUpsideDown UIInterfaceOrientationLandscapeLeft UIInterfaceOrientationLandscapeRight";
				INFOPLIST_KEY_UISupportedInterfaceOrientations_iPhone = "UIInterfaceOrientationPortrait UIInterfaceOrientationLandscapeLeft UIInterfaceOrientationLandscapeRight";
				IPHONEOS_DEPLOYMENT_TARGET = 17.5;
				LD_RUNPATH_SEARCH_PATHS = "@executable_path/Frameworks";
				"LD_RUNPATH_SEARCH_PATHS[sdk=macosx*]" = "@executable_path/../Frameworks";
				MACOSX_DEPLOYMENT_TARGET = 14.5;
				MARKETING_VERSION = 1.0;
				PRODUCT_BUNDLE_IDENTIFIER = "Cryptowallet.-test";
				PRODUCT_NAME = "$(TARGET_NAME)";
				SDKROOT = auto;
				SUPPORTED_PLATFORMS = "iphoneos iphonesimulator macosx";
				SWIFT_EMIT_LOC_STRINGS = YES;
				SWIFT_VERSION = 5.0;
				TARGETED_DEVICE_FAMILY = "1,2";
			};
			name = Debug;
		};
		AA29113C2BFA036F00D2ADD1 /* Release */ = {
			isa = XCBuildConfiguration;
			buildSettings = {
				ASSETCATALOG_COMPILER_APPICON_NAME = AppIcon;
				ASSETCATALOG_COMPILER_GLOBAL_ACCENT_COLOR_NAME = AccentColor;
				CODE_SIGN_ENTITLEMENTS = 2test/_test.entitlements;
				CODE_SIGN_STYLE = Automatic;
				CURRENT_PROJECT_VERSION = 1;
				DEVELOPMENT_ASSET_PATHS = "\"2test/Preview Content\"";
				DEVELOPMENT_TEAM = 74584D6P85;
				ENABLE_HARDENED_RUNTIME = YES;
				ENABLE_PREVIEWS = YES;
				GENERATE_INFOPLIST_FILE = YES;
				"INFOPLIST_KEY_UIApplicationSceneManifest_Generation[sdk=iphoneos*]" = YES;
				"INFOPLIST_KEY_UIApplicationSceneManifest_Generation[sdk=iphonesimulator*]" = YES;
				"INFOPLIST_KEY_UIApplicationSupportsIndirectInputEvents[sdk=iphoneos*]" = YES;
				"INFOPLIST_KEY_UIApplicationSupportsIndirectInputEvents[sdk=iphonesimulator*]" = YES;
				"INFOPLIST_KEY_UILaunchScreen_Generation[sdk=iphoneos*]" = YES;
				"INFOPLIST_KEY_UILaunchScreen_Generation[sdk=iphonesimulator*]" = YES;
				"INFOPLIST_KEY_UIStatusBarStyle[sdk=iphoneos*]" = UIStatusBarStyleDefault;
				"INFOPLIST_KEY_UIStatusBarStyle[sdk=iphonesimulator*]" = UIStatusBarStyleDefault;
				INFOPLIST_KEY_UISupportedInterfaceOrientations_iPad = "UIInterfaceOrientationPortrait UIInterfaceOrientationPortraitUpsideDown UIInterfaceOrientationLandscapeLeft UIInterfaceOrientationLandscapeRight";
				INFOPLIST_KEY_UISupportedInterfaceOrientations_iPhone = "UIInterfaceOrientationPortrait UIInterfaceOrientationLandscapeLeft UIInterfaceOrientationLandscapeRight";
				IPHONEOS_DEPLOYMENT_TARGET = 17.5;
				LD_RUNPATH_SEARCH_PATHS = "@executable_path/Frameworks";
				"LD_RUNPATH_SEARCH_PATHS[sdk=macosx*]" = "@executable_path/../Frameworks";
				MACOSX_DEPLOYMENT_TARGET = 14.5;
				MARKETING_VERSION = 1.0;
				PRODUCT_BUNDLE_IDENTIFIER = "Cryptowallet.-test";
				PRODUCT_NAME = "$(TARGET_NAME)";
				SDKROOT = auto;
				SUPPORTED_PLATFORMS = "iphoneos iphonesimulator macosx";
				SWIFT_EMIT_LOC_STRINGS = YES;
				SWIFT_VERSION = 5.0;
				TARGETED_DEVICE_FAMILY = "1,2";
			};
			name = Release;
		};
		AA29113E2BFA036F00D2ADD1 /* Debug */ = {
			isa = XCBuildConfiguration;
			buildSettings = {
				ALWAYS_EMBED_SWIFT_STANDARD_LIBRARIES = YES;
				BUNDLE_LOADER = "$(TEST_HOST)";
				CODE_SIGN_STYLE = Automatic;
				CURRENT_PROJECT_VERSION = 1;
				DEVELOPMENT_TEAM = 74584D6P85;
				GENERATE_INFOPLIST_FILE = YES;
				IPHONEOS_DEPLOYMENT_TARGET = 17.5;
				MACOSX_DEPLOYMENT_TARGET = 14.5;
				MARKETING_VERSION = 1.0;
				PRODUCT_BUNDLE_IDENTIFIER = "Cryptowallet.-testTests";
				PRODUCT_NAME = "$(TARGET_NAME)";
				SDKROOT = auto;
				SUPPORTED_PLATFORMS = "iphoneos iphonesimulator macosx";
				SWIFT_EMIT_LOC_STRINGS = NO;
				SWIFT_VERSION = 5.0;
				TARGETED_DEVICE_FAMILY = "1,2";
				TEST_HOST = "$(BUILT_PRODUCTS_DIR)/2test.app/$(BUNDLE_EXECUTABLE_FOLDER_PATH)/2test";
			};
			name = Debug;
		};
		AA29113F2BFA036F00D2ADD1 /* Release */ = {
			isa = XCBuildConfiguration;
			buildSettings = {
				ALWAYS_EMBED_SWIFT_STANDARD_LIBRARIES = YES;
				BUNDLE_LOADER = "$(TEST_HOST)";
				CODE_SIGN_STYLE = Automatic;
				CURRENT_PROJECT_VERSION = 1;
				DEVELOPMENT_TEAM = 74584D6P85;
				GENERATE_INFOPLIST_FILE = YES;
				IPHONEOS_DEPLOYMENT_TARGET = 17.5;
				MACOSX_DEPLOYMENT_TARGET = 14.5;
				MARKETING_VERSION = 1.0;
				PRODUCT_BUNDLE_IDENTIFIER = "Cryptowallet.-testTests";
				PRODUCT_NAME = "$(TARGET_NAME)";
				SDKROOT = auto;
				SUPPORTED_PLATFORMS = "iphoneos iphonesimulator macosx";
				SWIFT_EMIT_LOC_STRINGS = NO;
				SWIFT_VERSION = 5.0;
				TARGETED_DEVICE_FAMILY = "1,2";
				TEST_HOST = "$(BUILT_PRODUCTS_DIR)/2test.app/$(BUNDLE_EXECUTABLE_FOLDER_PATH)/2test";
			};
			name = Release;
		};
		AA2911412BFA036F00D2ADD1 /* Debug */ = {
			isa = XCBuildConfiguration;
			buildSettings = {
				ALWAYS_EMBED_SWIFT_STANDARD_LIBRARIES = YES;
				CODE_SIGN_STYLE = Automatic;
				CURRENT_PROJECT_VERSION = 1;
				DEVELOPMENT_TEAM = 74584D6P85;
				GENERATE_INFOPLIST_FILE = YES;
				IPHONEOS_DEPLOYMENT_TARGET = 17.5;
				MACOSX_DEPLOYMENT_TARGET = 14.5;
				MARKETING_VERSION = 1.0;
				PRODUCT_BUNDLE_IDENTIFIER = "Cryptowallet.-testUITests";
				PRODUCT_NAME = "$(TARGET_NAME)";
				SDKROOT = auto;
				SUPPORTED_PLATFORMS = "iphoneos iphonesimulator macosx";
				SWIFT_EMIT_LOC_STRINGS = NO;
				SWIFT_VERSION = 5.0;
				TARGETED_DEVICE_FAMILY = "1,2";
				TEST_TARGET_NAME = 2test;
			};
			name = Debug;
		};
		AA2911422BFA036F00D2ADD1 /* Release */ = {
			isa = XCBuildConfiguration;
			buildSettings = {
				ALWAYS_EMBED_SWIFT_STANDARD_LIBRARIES = YES;
				CODE_SIGN_STYLE = Automatic;
				CURRENT_PROJECT_VERSION = 1;
				DEVELOPMENT_TEAM = 74584D6P85;
				GENERATE_INFOPLIST_FILE = YES;
				IPHONEOS_DEPLOYMENT_TARGET = 17.5;
				MACOSX_DEPLOYMENT_TARGET = 14.5;
				MARKETING_VERSION = 1.0;
				PRODUCT_BUNDLE_IDENTIFIER = "Cryptowallet.-testUITests";
				PRODUCT_NAME = "$(TARGET_NAME)";
				SDKROOT = auto;
				SUPPORTED_PLATFORMS = "iphoneos iphonesimulator macosx";
				SWIFT_EMIT_LOC_STRINGS = NO;
				SWIFT_VERSION = 5.0;
				TARGETED_DEVICE_FAMILY = "1,2";
				TEST_TARGET_NAME = 2test;
			};
			name = Release;
		};
/* End XCBuildConfiguration section */

/* Begin XCConfigurationList section */
		AA2911102BFA036D00D2ADD1 /* Build configuration list for PBXProject "2test" */ = {
			isa = XCConfigurationList;
			buildConfigurations = (
				AA2911382BFA036F00D2ADD1 /* Debug */,
				AA2911392BFA036F00D2ADD1 /* Release */,
			);
			defaultConfigurationIsVisible = 0;
			defaultConfigurationName = Release;
		};
		AA29113A2BFA036F00D2ADD1 /* Build configuration list for PBXNativeTarget "2test" */ = {
			isa = XCConfigurationList;
			buildConfigurations = (
				AA29113B2BFA036F00D2ADD1 /* Debug */,
				AA29113C2BFA036F00D2ADD1 /* Release */,
			);
			defaultConfigurationIsVisible = 0;
			defaultConfigurationName = Release;
		};
		AA29113D2BFA036F00D2ADD1 /* Build configuration list for PBXNativeTarget "2testTests" */ = {
			isa = XCConfigurationList;
			buildConfigurations = (
				AA29113E2BFA036F00D2ADD1 /* Debug */,
				AA29113F2BFA036F00D2ADD1 /* Release */,
			);
			defaultConfigurationIsVisible = 0;
			defaultConfigurationName = Release;
		};
		AA2911402BFA036F00D2ADD1 /* Build configuration list for PBXNativeTarget "2testUITests" */ = {
			isa = XCConfigurationList;
			buildConfigurations = (
				AA2911412BFA036F00D2ADD1 /* Debug */,
				AA2911422BFA036F00D2ADD1 /* Release */,
			);
			defaultConfigurationIsVisible = 0;
			defaultConfigurationName = Release;
		};
/* End XCConfigurationList section */
	};
	rootObject = AA29110D2BFA036D00D2ADD1 /* Project object */;
}
